
Microsoft Visual Studio Solution File, Format Version 12.00
# Visual Studio Version 17
VisualStudioVersion = 17.0.31919.166
MinimumVisualStudioVersion = 10.0.40219.1
Project("{9A19103F-16F7-4668-BE54-9A1E7A4F7556}") = "OpenRealEstate.Transmorgrifiers.Json", "src\OpenRealEstate.Transmorgrifiers.Json\OpenRealEstate.Transmorgrifiers.Json.csproj", "{965DCEDF-44E8-4533-AFE8-F05FDB81230C}"
EndProject
Project("{9A19103F-16F7-4668-BE54-9A1E7A4F7556}") = "OpenRealEstate.Transmorgrifiers.Json.Tests", "tests\OpenRealEstate.Transmorgrifiers.Json.Tests\OpenRealEstate.Transmorgrifiers.Json.Tests.csproj", "{7859DC3B-5BA8-4C47-8C00-E5A6E8946D5B}"
EndProject
Global
	GlobalSection(SolutionConfigurationPlatforms) = preSolution
		Debug|Any CPU = Debug|Any CPU
		Release|Any CPU = Release|Any CPU
	EndGlobalSection
	GlobalSection(ProjectConfigurationPlatforms) = postSolution
		{965DCEDF-44E8-4533-AFE8-F05FDB81230C}.Debug|Any CPU.ActiveCfg = Debug|Any CPU
		{965DCEDF-44E8-4533-AFE8-F05FDB81230C}.Debug|Any CPU.Build.0 = Debug|Any CPU
		{965DCEDF-44E8-4533-AFE8-F05FDB81230C}.Release|Any CPU.ActiveCfg = Release|Any CPU
		{965DCEDF-44E8-4533-AFE8-F05FDB81230C}.Release|Any CPU.Build.0 = Release|Any CPU
		{7859DC3B-5BA8-4C47-8C00-E5A6E8946D5B}.Debug|Any CPU.ActiveCfg = Debug|Any CPU
		{7859DC3B-5BA8-4C47-8C00-E5A6E8946D5B}.Debug|Any CPU.Build.0 = Debug|Any CPU
		{7859DC3B-5BA8-4C47-8C00-E5A6E8946D5B}.Release|Any CPU.ActiveCfg = Release|Any CPU
		{7859DC3B-5BA8-4C47-8C00-E5A6E8946D5B}.Release|Any CPU.Build.0 = Release|Any CPU
	EndGlobalSection
	GlobalSection(SolutionProperties) = preSolution
		HideSolutionNode = FALSE
	EndGlobalSection
	GlobalSection(ExtensibilityGlobals) = postSolution
		SolutionGuid = {73F9E523-8C30-4F98-AB04-2A12054CD7E1}
	EndGlobalSection
EndGlobal
